
Microsoft Visual Studio Solution File, Format Version 12.00
# Visual Studio Version 17
VisualStudioVersion = 17.0.31903.59
MinimumVisualStudioVersion = 10.0.40219.1
Project("{9A19103F-16F7-4668-BE54-9A1E7A4F7556}") = "Boolean.CSharp.Main", "..\csharp-tdd-oop-abstraction\Boolean.CSharp.Main\Boolean.CSharp.Main.csproj", "{B6FAB330-EB52-4D9F-B88F-7BFC541D4A6A}"
EndProject
Project("{9A19103F-16F7-4668-BE54-9A1E7A4F7556}") = "Boolean.CSharp.Test", "..\csharp-tdd-oop-abstraction\Boolean.CSharp.Test\Boolean.CSharp.Test.csproj", "{A7717A6D-D190-469D-86D1-B444EE32D09C}"
EndProject
Global
	GlobalSection(SolutionConfigurationPlatforms) = preSolution
		Debug|Any CPU = Debug|Any CPU
		Release|Any CPU = Release|Any CPU
	EndGlobalSection
	GlobalSection(ProjectConfigurationPlatforms) = postSolution
		{B6FAB330-EB52-4D9F-B88F-7BFC541D4A6A}.Debug|Any CPU.ActiveCfg = Debug|Any CPU
		{B6FAB330-EB52-4D9F-B88F-7BFC541D4A6A}.Debug|Any CPU.Build.0 = Debug|Any CPU
		{B6FAB330-EB52-4D9F-B88F-7BFC541D4A6A}.Release|Any CPU.ActiveCfg = Release|Any CPU
		{B6FAB330-EB52-4D9F-B88F-7BFC541D4A6A}.Release|Any CPU.Build.0 = Release|Any CPU
		{A7717A6D-D190-469D-86D1-B444EE32D09C}.Debug|Any CPU.ActiveCfg = Debug|Any CPU
		{A7717A6D-D190-469D-86D1-B444EE32D09C}.Debug|Any CPU.Build.0 = Debug|Any CPU
		{A7717A6D-D190-469D-86D1-B444EE32D09C}.Release|Any CPU.ActiveCfg = Release|Any CPU
		{A7717A6D-D190-469D-86D1-B444EE32D09C}.Release|Any CPU.Build.0 = Release|Any CPU
	EndGlobalSection
	GlobalSection(SolutionProperties) = preSolution
		HideSolutionNode = FALSE
	EndGlobalSection
EndGlobal
